Microsoft Visual Studio Solution File, Format Version 12.00
# Visual Studio 15
VisualStudioVersion = 15.0.27130.2027
MinimumVisualStudioVersion = 10.0.40219.1
Project("{9A19103F-16F7-4668-BE54-9A1E7A4F7556}") = "Acerola.Application", "Acerola.Application\Acerola.Application.csproj", "{D24562C5-B66A-4F64-B07D-94EB504999EF}"
EndProject
Project("{9A19103F-16F7-4668-BE54-9A1E7A4F7556}") = "Acerola.Domain", "Acerola.Domain\Acerola.Domain.csproj", "{46C7A13C-DF77-47B8-AA9E-D0C14A4F6C44}"
EndProject
Project("{9A19103F-16F7-4668-BE54-9A1E7A4F7556}") = "Acerola.Infrastructure", "Acerola.Infrastructure\Acerola.Infrastructure.csproj", "{3094FDD3-C11E-4A97-A66D-4692FD277A7D}"
EndProject
Project("{9A19103F-16F7-4668-BE54-9A1E7A4F7556}") = "Acerola.WebApi", "Acerola.WebApi\Acerola.WebApi.csproj", "{EEF051B9-D97C-472D-8E06-2A5924BDFCB6}"
EndProject
Project("{2150E333-8FDC-42A3-9474-1A3956D46DE8}") = "Tests", "Tests", "{16263673-218F-490C-BAB3-06887A5F5CE0}"
EndProject
Project("{9A19103F-16F7-4668-BE54-9A1E7A4F7556}") = "Acerola.UseCaseTests", "..\Tests\Acerola.UseCaseTests\Acerola.UseCaseTests.csproj", "{2652E3DB-5AD0-4FE3-88A5-D5F664719BE2}"
EndProject
Project("{9A19103F-16F7-4668-BE54-9A1E7A4F7556}") = "Acerola.MappingsTests", "..\Tests\Acerola.MappingsTests\Acerola.MappingsTests.csproj", "{6A2CD873-B38F-4913-8429-C9129B6A3B5D}"
EndProject
Project("{9A19103F-16F7-4668-BE54-9A1E7A4F7556}") = "Acerola.IntegrationTests", "..\Tests\Acerola.IntegrationTests\Acerola.IntegrationTests.csproj", "{331EEB35-D27D-4A90-BC69-654BFB5982CC}"
EndProject
Project("{9A19103F-16F7-4668-BE54-9A1E7A4F7556}") = "Acerola.DomainTests", "..\Tests\Acerola.DomainTests\Acerola.DomainTests.csproj", "{BFB3CB67-3030-4F12-908C-D466DD261C45}"
EndProject
Global
	GlobalSection(SolutionConfigurationPlatforms) = preSolution
		Debug|Any CPU = Debug|Any CPU
		Debug|x64 = Debug|x64
		Debug|x86 = Debug|x86
		Release|Any CPU = Release|Any CPU
		Release|x64 = Release|x64
		Release|x86 = Release|x86
	EndGlobalSection
	GlobalSection(ProjectConfigurationPlatforms) = postSolution
		{D24562C5-B66A-4F64-B07D-94EB504999EF}.Debug|Any CPU.ActiveCfg = Debug|Any CPU
		{D24562C5-B66A-4F64-B07D-94EB504999EF}.Debug|Any CPU.Build.0 = Debug|Any CPU
		{D24562C5-B66A-4F64-B07D-94EB504999EF}.Debug|x64.ActiveCfg = Debug|Any CPU
		{D24562C5-B66A-4F64-B07D-94EB504999EF}.Debug|x64.Build.0 = Debug|Any CPU
		{D24562C5-B66A-4F64-B07D-94EB504999EF}.Debug|x86.ActiveCfg = Debug|Any CPU
		{D24562C5-B66A-4F64-B07D-94EB504999EF}.Debug|x86.Build.0 = Debug|Any CPU
		{D24562C5-B66A-4F64-B07D-94EB504999EF}.Release|Any CPU.ActiveCfg = Release|Any CPU
		{D24562C5-B66A-4F64-B07D-94EB504999EF}.Release|Any CPU.Build.0 = Release|Any CPU
		{D24562C5-B66A-4F64-B07D-94EB504999EF}.Release|x64.ActiveCfg = Release|Any CPU
		{D24562C5-B66A-4F64-B07D-94EB504999EF}.Release|x64.Build.0 = Release|Any CPU
		{D24562C5-B66A-4F64-B07D-94EB504999EF}.Release|x86.ActiveCfg = Release|Any CPU
		{D24562C5-B66A-4F64-B07D-94EB504999EF}.Release|x86.Build.0 = Release|Any CPU
		{46C7A13C-DF77-47B8-AA9E-D0C14A4F6C44}.Debug|Any CPU.ActiveCfg = Debug|Any CPU
		{46C7A13C-DF77-47B8-AA9E-D0C14A4F6C44}.Debug|Any CPU.Build.0 = Debug|Any CPU
		{46C7A13C-DF77-47B8-AA9E-D0C14A4F6C44}.Debug|x64.ActiveCfg = Debug|Any CPU
		{46C7A13C-DF77-47B8-AA9E-D0C14A4F6C44}.Debug|x64.Build.0 = Debug|Any CPU
		{46C7A13C-DF77-47B8-AA9E-D0C14A4F6C44}.Debug|x86.ActiveCfg = Debug|Any CPU
		{46C7A13C-DF77-47B8-AA9E-D0C14A4F6C44}.Debug|x86.Build.0 = Debug|Any CPU
		{46C7A13C-DF77-47B8-AA9E-D0C14A4F6C44}.Release|Any CPU.ActiveCfg = Release|Any CPU
		{46C7A13C-DF77-47B8-AA9E-D0C14A4F6C44}.Release|Any CPU.Build.0 = Release|Any CPU
		{46C7A13C-DF77-47B8-AA9E-D0C14A4F6C44}.Release|x64.ActiveCfg = Release|Any CPU
		{46C7A13C-DF77-47B8-AA9E-D0C14A4F6C44}.Release|x64.Build.0 = Release|Any CPU
		{46C7A13C-DF77-47B8-AA9E-D0C14A4F6C44}.Release|x86.ActiveCfg = Release|Any CPU
		{46C7A13C-DF77-47B8-AA9E-D0C14A4F6C44}.Release|x86.Build.0 = Release|Any CPU
		{3094FDD3-C11E-4A97-A66D-4692FD277A7D}.Debug|Any CPU.ActiveCfg = Debug|Any CPU
		{3094FDD3-C11E-4A97-A66D-4692FD277A7D}.Debug|Any CPU.Build.0 = Debug|Any CPU
		{3094FDD3-C11E-4A97-A66D-4692FD277A7D}.Debug|x64.ActiveCfg = Debug|Any CPU
		{3094FDD3-C11E-4A97-A66D-4692FD277A7D}.Debug|x64.Build.0 = Debug|Any CPU
		{3094FDD3-C11E-4A97-A66D-4692FD277A7D}.Debug|x86.ActiveCfg = Debug|Any CPU
		{3094FDD3-C11E-4A97-A66D-4692FD277A7D}.Debug|x86.Build.0 = Debug|Any CPU
		{3094FDD3-C11E-4A97-A66D-4692FD277A7D}.Release|Any CPU.ActiveCfg = Release|Any CPU
		{3094FDD3-C11E-4A97-A66D-4692FD277A7D}.Release|Any CPU.Build.0 = Release|Any CPU
		{3094FDD3-C11E-4A97-A66D-4692FD277A7D}.Release|x64.ActiveCfg = Release|Any CPU
		{3094FDD3-C11E-4A97-A66D-4692FD277A7D}.Release|x64.Build.0 = Release|Any CPU
		{3094FDD3-C11E-4A97-A66D-4692FD277A7D}.Release|x86.ActiveCfg = Release|Any CPU
		{3094FDD3-C11E-4A97-A66D-4692FD277A7D}.Release|x86.Build.0 = Release|Any CPU
		{EEF051B9-D97C-472D-8E06-2A5924BDFCB6}.Debug|Any CPU.ActiveCfg = Debug|Any CPU
		{EEF051B9-D97C-472D-8E06-2A5924BDFCB6}.Debug|Any CPU.Build.0 = Debug|Any CPU
		{EEF051B9-D97C-472D-8E06-2A5924BDFCB6}.Debug|x64.ActiveCfg = Debug|Any CPU
		{EEF051B9-D97C-472D-8E06-2A5924BDFCB6}.Debug|x64.Build.0 = Debug|Any CPU
		{EEF051B9-D97C-472D-8E06-2A5924BDFCB6}.Debug|x86.ActiveCfg = Debug|Any CPU
		{EEF051B9-D97C-472D-8E06-2A5924BDFCB6}.Debug|x86.Build.0 = Debug|Any CPU
		{EEF051B9-D97C-472D-8E06-2A5924BDFCB6}.Release|Any CPU.ActiveCfg = Release|Any CPU
		{EEF051B9-D97C-472D-8E06-2A5924BDFCB6}.Release|Any CPU.Build.0 = Release|Any CPU
		{EEF051B9-D97C-472D-8E06-2A5924BDFCB6}.Release|x64.ActiveCfg = Release|Any CPU
		{EEF051B9-D97C-472D-8E06-2A5924BDFCB6}.Release|x64.Build.0 = Release|Any CPU
		{EEF051B9-D97C-472D-8E06-2A5924BDFCB6}.Release|x86.ActiveCfg = Release|Any CPU
		{EEF051B9-D97C-472D-8E06-2A5924BDFCB6}.Release|x86.Build.0 = Release|Any CPU
		{2652E3DB-5AD0-4FE3-88A5-D5F664719BE2}.Debug|Any CPU.ActiveCfg = Debug|Any CPU
		{2652E3DB-5AD0-4FE3-88A5-D5F664719BE2}.Debug|Any CPU.Build.0 = Debug|Any CPU
		{2652E3DB-5AD0-4FE3-88A5-D5F664719BE2}.Debug|x64.ActiveCfg = Debug|Any CPU
		{2652E3DB-5AD0-4FE3-88A5-D5F664719BE2}.Debug|x64.Build.0 = Debug|Any CPU
		{2652E3DB-5AD0-4FE3-88A5-D5F664719BE2}.Debug|x86.ActiveCfg = Debug|Any CPU
		{2652E3DB-5AD0-4FE3-88A5-D5F664719BE2}.Debug|x86.Build.0 = Debug|Any CPU
		{2652E3DB-5AD0-4FE3-88A5-D5F664719BE2}.Release|Any CPU.ActiveCfg = Release|Any CPU
		{2652E3DB-5AD0-4FE3-88A5-D5F664719BE2}.Release|Any CPU.Build.0 = Release|Any CPU
		{2652E3DB-5AD0-4FE3-88A5-D5F664719BE2}.Release|x64.ActiveCfg = Release|Any CPU
		{2652E3DB-5AD0-4FE3-88A5-D5F664719BE2}.Release|x64.Build.0 = Release|Any CPU
		{2652E3DB-5AD0-4FE3-88A5-D5F664719BE2}.Release|x86.ActiveCfg = Release|Any CPU
		{2652E3DB-5AD0-4FE3-88A5-D5F664719BE2}.Release|x86.Build.0 = Release|Any CPU
		{6A2CD873-B38F-4913-8429-C9129B6A3B5D}.Debug|Any CPU.ActiveCfg = Debug|Any CPU
		{6A2CD873-B38F-4913-8429-C9129B6A3B5D}.Debug|Any CPU.Build.0 = Debug|Any CPU
		{6A2CD873-B38F-4913-8429-C9129B6A3B5D}.Debug|x64.ActiveCfg = Debug|Any CPU
		{6A2CD873-B38F-4913-8429-C9129B6A3B5D}.Debug|x64.Build.0 = Debug|Any CPU
		{6A2CD873-B38F-4913-8429-C9129B6A3B5D}.Debug|x86.ActiveCfg = Debug|Any CPU
		{6A2CD873-B38F-4913-8429-C9129B6A3B5D}.Debug|x86.Build.0 = Debug|Any CPU
		{6A2CD873-B38F-4913-8429-C9129B6A3B5D}.Release|Any CPU.ActiveCfg = Release|Any CPU
		{6A2CD873-B38F-4913-8429-C9129B6A3B5D}.Release|Any CPU.Build.0 = Release|Any CPU
		{6A2CD873-B38F-4913-8429-C9129B6A3B5D}.Release|x64.ActiveCfg = Release|Any CPU
		{6A2CD873-B38F-4913-8429-C9129B6A3B5D}.Release|x64.Build.0 = Release|Any CPU
		{6A2CD873-B38F-4913-8429-C9129B6A3B5D}.Release|x86.ActiveCfg = Release|Any CPU
		{6A2CD873-B38F-4913-8429-C9129B6A3B5D}.Release|x86.Build.0 = Release|Any CPU
		{331EEB35-D27D-4A90-BC69-654BFB5982CC}.Debug|Any CPU.ActiveCfg = Debug|Any CPU
		{331EEB35-D27D-4A90-BC69-654BFB5982CC}.Debug|Any CPU.Build.0 = Debug|Any CPU
		{331EEB35-D27D-4A90-BC69-654BFB5982CC}.Debug|x64.ActiveCfg = Debug|Any CPU
		{331EEB35-D27D-4A90-BC69-654BFB5982CC}.Debug|x64.Build.0 = Debug|Any CPU
		{331EEB35-D27D-4A90-BC69-654BFB5982CC}.Debug|x86.ActiveCfg = Debug|Any CPU
		{331EEB35-D27D-4A90-BC69-654BFB5982CC}.Debug|x86.Build.0 = Debug|Any CPU
		{331EEB35-D27D-4A90-BC69-654BFB5982CC}.Release|Any CPU.ActiveCfg = Release|Any CPU
		{331EEB35-D27D-4A90-BC69-654BFB5982CC}.Release|Any CPU.Build.0 = Release|Any CPU
		{331EEB35-D27D-4A90-BC69-654BFB5982CC}.Release|x64.ActiveCfg = Release|Any CPU
		{331EEB35-D27D-4A90-BC69-654BFB5982CC}.Release|x64.Build.0 = Release|Any CPU
		{331EEB35-D27D-4A90-BC69-654BFB5982CC}.Release|x86.ActiveCfg = Release|Any CPU
		{331EEB35-D27D-4A90-BC69-654BFB5982CC}.Release|x86.Build.0 = Release|Any CPU
		{BFB3CB67-3030-4F12-908C-D466DD261C45}.Debug|Any CPU.ActiveCfg = Debug|Any CPU
		{BFB3CB67-3030-4F12-908C-D466DD261C45}.Debug|Any CPU.Build.0 = Debug|Any CPU
		{BFB3CB67-3030-4F12-908C-D466DD261C45}.Debug|x64.ActiveCfg = Debug|Any CPU
		{BFB3CB67-3030-4F12-908C-D466DD261C45}.Debug|x64.Build.0 = Debug|Any CPU
		{BFB3CB67-3030-4F12-908C-D466DD261C45}.Debug|x86.ActiveCfg = Debug|Any CPU
		{BFB3CB67-3030-4F12-908C-D466DD261C45}.Debug|x86.Build.0 = Debug|Any CPU
		{BFB3CB67-3030-4F12-908C-D466DD261C45}.Release|Any CPU.ActiveCfg = Release|Any CPU
		{BFB3CB67-3030-4F12-908C-D466DD261C45}.Release|Any CPU.Build.0 = Release|Any CPU
		{BFB3CB67-3030-4F12-908C-D466DD261C45}.Release|x64.ActiveCfg = Release|Any CPU
		{BFB3CB67-3030-4F12-908C-D466DD261C45}.Release|x64.Build.0 = Release|Any CPU
		{BFB3CB67-3030-4F12-908C-D466DD261C45}.Release|x86.ActiveCfg = Release|Any CPU
		{BFB3CB67-3030-4F12-908C-D466DD261C45}.Release|x86.Build.0 = Release|Any CPU
	EndGlobalSection
	GlobalSection(SolutionProperties) = preSolution
		HideSolutionNode = FALSE
	EndGlobalSection
	GlobalSection(NestedProjects) = preSolution
		{2652E3DB-5AD0-4FE3-88A5-D5F664719BE2} = {16263673-218F-490C-BAB3-06887A5F5CE0}
		{6A2CD873-B38F-4913-8429-C9129B6A3B5D} = {16263673-218F-490C-BAB3-06887A5F5CE0}
		{331EEB35-D27D-4A90-BC69-654BFB5982CC} = {16263673-218F-490C-BAB3-06887A5F5CE0}
		{BFB3CB67-3030-4F12-908C-D466DD261C45} = {16263673-218F-490C-BAB3-06887A5F5CE0}
	EndGlobalSection
	GlobalSection(ExtensibilityGlobals) = postSolution
		SolutionGuid = {0994A11A-29D3-49D4-933C-793CD91A411C}
	EndGlobalSection
EndGlobal
